hash: 8e7c6c00caaba165cb5b642279d3dd5c3978a3593b940b7042bbc3ec55393c64
updated: 2017-12-18T17:29:19.345971+01:00
imports:
- name: github.com/coreos/go-semver
  version: 8ab6407b697782a06568d4b7f1db25550ec2e4c6
  subpackages:
  - semver
- name: github.com/giantswarm/microerror
  version: ec5f66bb657662031c0d651504fee6908cdf28d9
- name: github.com/giantswarm/micrologger
  version: 0278d149b128aef1b27d492702c0020f4ff7a717
  subpackages:
  - loggermeta
- name: github.com/giantswarm/versionbundle
  version: e22eefeb8e97277bfebe225f77cf0528b69f36b8
- name: github.com/go-kit/kit
  version: a9ca6725cbbea455e61c6bc8a1ed28e81eb3493b
  subpackages:
  - log
- name: github.com/go-logfmt/logfmt
  version: 390ab7935ee28ec6b286364bba9b4dd6410cb3d5
- name: github.com/go-resty/resty
  version: 9ac9c42358f7c3c69ac9f8610e8790d7c338e85d
- name: github.com/go-stack/stack
  version: 100eb0c0a9c5b306ca2fb4f165df21d80ada4b82
- name: github.com/juju/errgo
  version: 08cceb5d0b5331634b9826762a8fd53b29b86ad8
- name: github.com/kr/logfmt
  version: b84e30acd515aadc4b783ad4ff83aff3299bdfe0
- name: golang.org/x/net
  version: f2499483f923065a842d38eb4c7f1927e6fc6e6d
  subpackages:
  - context
  - publicsuffix
- name: golang.org/x/sync
  version: fd80eb99c8f653c847d294a001bdf2a3a6f768f5
  subpackages:
  - errgroup
testImports: []
